
Microsoft Visual Studio Solution File, Format Version 12.00
# Visual Studio Version 17
VisualStudioVersion = 17.0.31903.59
MinimumVisualStudioVersion = 10.0.40219.1
Project("{FAE04EC0-301F-11D3-BF4B-00C04F79EFBC}") = "DataStructures", "DataStructures\DataStructures.csproj", "{C9055C08-D40F-4E02-83A4-CF942AD220F8}"
EndProject
Project("{FAE04EC0-301F-11D3-BF4B-00C04F79EFBC}") = "DataStructures.Tests", "DataStructures.Tests\DataStructures.Tests.csproj", "{4465D908-293D-436D-918B-E53962675272}"
EndProject
Project("{FAE04EC0-301F-11D3-BF4B-00C04F79EFBC}") = "Algorithms", "Algorithms\Algorithms.csproj", "{16D7A759-6403-4A53-89AB-1A574EF616BE}"
EndProject
Project("{FAE04EC0-301F-11D3-BF4B-00C04F79EFBC}") = "Algorithms.Tests", "Algorithms.Tests\Algorithms.Tests.csproj", "{593D3555-8DD7-4344-9734-222DCFD39D6F}"
EndProject
Global
	GlobalSection(SolutionConfigurationPlatforms) = preSolution
		Debug|Any CPU = Debug|Any CPU
		Release|Any CPU = Release|Any CPU
	EndGlobalSection
	GlobalSection(SolutionProperties) = preSolution
		HideSolutionNode = FALSE
	EndGlobalSection
	GlobalSection(ProjectConfigurationPlatforms) = postSolution
		{C9055C08-D40F-4E02-83A4-CF942AD220F8}.Debug|Any CPU.ActiveCfg = Debug|Any CPU
		{C9055C08-D40F-4E02-83A4-CF942AD220F8}.Debug|Any CPU.Build.0 = Debug|Any CPU
		{C9055C08-D40F-4E02-83A4-CF942AD220F8}.Release|Any CPU.ActiveCfg = Release|Any CPU
		{C9055C08-D40F-4E02-83A4-CF942AD220F8}.Release|Any CPU.Build.0 = Release|Any CPU
		{4465D908-293D-436D-918B-E53962675272}.Debug|Any CPU.ActiveCfg = Debug|Any CPU
		{4465D908-293D-436D-918B-E53962675272}.Debug|Any CPU.Build.0 = Debug|Any CPU
		{4465D908-293D-436D-918B-E53962675272}.Release|Any CPU.ActiveCfg = Release|Any CPU
		{4465D908-293D-436D-918B-E53962675272}.Release|Any CPU.Build.0 = Release|Any CPU
		{16D7A759-6403-4A53-89AB-1A574EF616BE}.Debug|Any CPU.ActiveCfg = Debug|Any CPU
		{16D7A759-6403-4A53-89AB-1A574EF616BE}.Debug|Any CPU.Build.0 = Debug|Any CPU
		{16D7A759-6403-4A53-89AB-1A574EF616BE}.Release|Any CPU.ActiveCfg = Release|Any CPU
		{16D7A759-6403-4A53-89AB-1A574EF616BE}.Release|Any CPU.Build.0 = Release|Any CPU
		{593D3555-8DD7-4344-9734-222DCFD39D6F}.Debug|Any CPU.ActiveCfg = Debug|Any CPU
		{593D3555-8DD7-4344-9734-222DCFD39D6F}.Debug|Any CPU.Build.0 = Debug|Any CPU
		{593D3555-8DD7-4344-9734-222DCFD39D6F}.Release|Any CPU.ActiveCfg = Release|Any CPU
		{593D3555-8DD7-4344-9734-222DCFD39D6F}.Release|Any CPU.Build.0 = Release|Any CPU
	EndGlobalSection
EndGlobal
